{
  "name": "chat",
  "version": "1.0.0",
  "lockfileVersion": 3,
  "requires": true,
  "packages": {
    "": {
      "name": "chat",
      "version": "1.0.0",
      "license": "ISC",
      "dependencies": {
        "@arcjet/node": "^1.0.0-beta.10"
      },
      "engines": {
        "node": ">=20.19.0"
      }
    },
    "node_modules/@arcjet/analyze": {
      "version": "1.9.1",
      "resolved": "https://registry.npmjs.org/@arcjet/analyze/-/analyze-1.9.1.tgz",
      "integrity": "sha512-83ivKmNbzpqJEzNzZqBJdsfgLZvvx0WcYAV9T51XtNycioVRCn1Sd6ayf6Fa4Nj1cb3AF2xkHPZrODVrLaW3Ug==",
      "license": "Apache-2.0",
      "dependencies": {
        "@arcjet/analyze-wasm": "1.9.1",
        "@arcjet/protocol": "1.9.1"
      },
      "engines": {
        "node": ">=22.21.0 <23 || >=24.5.0"
      }
    },
    "node_modules/@arcjet/analyze-wasm": {
      "version": "1.9.1",
      "resolved": "https://registry.npmjs.org/@arcjet/analyze-wasm/-/analyze-wasm-1.9.1.tgz",
      "integrity": "sha512-HIgWQKyccyM+g4RheIuVeUwezrt6/hXh+wC6FZ0T3D1teRdyvloB4Af10qccRKMNOoLSkFV7kusuZ10NZv31jw==",
      "license": "Apache-2.0",
      "engines": {
        "node": ">=22.21.0 <23 || >=24.5.0"
      }
    },
    "node_modules/@arcjet/body": {
      "version": "1.9.1",
      "resolved": "https://registry.npmjs.org/@arcjet/body/-/body-1.9.1.tgz",
      "integrity": "sha512-mVUglbNClaFR3OLvt5GfkiETmSNz/gnpw4o02d/JSBf5CasBeDYk6wyFwvvDK9w0/jhIHvT2B8Tl5QXkSk8SMw==",
      "license": "Apache-2.0",
      "engines": {
        "node": ">=22.21.0 <23 || >=24.5.0"
      }
    },
    "node_modules/@arcjet/cache": {
      "version": "1.9.1",
      "resolved": "https://registry.npmjs.org/@arcjet/cache/-/cache-1.9.1.tgz",
      "integrity": "sha512-pvqV3HLcWWwC2xKLox41q/sfAA9vcO6EzNEr+ul4Kqk0sMf6rkGiUa3zveb49gh3PkoEF4rV3UuCjQYxQ27vuQ==",
      "license": "Apache-2.0",
      "engines": {
        "node": ">=22.21.0 <23 || >=24.5.0"
      }
    },
    "node_modules/@arcjet/duration": {
      "version": "1.9.1",
      "resolved": "https://registry.npmjs.org/@arcjet/duration/-/duration-1.9.1.tgz",
      "integrity": "sha512-i5ESIziS9wlBryyBJviqF6slEW4qlGDelVWIVTHGaqsp27tSpvqSWkZXGCrUnIdw+70bJRd97bfC3pmRFew7fQ==",
      "license": "Apache-2.0",
      "engines": {
        "node": ">=22.21.0 <23 || >=24.5.0"
      }
    },
    "node_modules/@arcjet/env": {
      "version": "1.9.1",
      "resolved": "https://registry.npmjs.org/@arcjet/env/-/env-1.9.1.tgz",
      "integrity": "sha512-ritZt2xYVvf5l9E6+MmWEJd1ETH3lF22RMIubitCFiSPGlHGyzvVF0Of3oXCE7XsTiOBC4Sg4oLlH3qkwf1R2w==",
      "license": "Apache-2.0",
      "engines": {
        "node": ">=22.21.0 <23 || >=24.5.0"
      }
    },
    "node_modules/@arcjet/headers": {
      "version": "1.9.1",
      "resolved": "https://registry.npmjs.org/@arcjet/headers/-/headers-1.9.1.tgz",
      "integrity": "sha512-SeZhQrzgv/mzvIO9IPNcWyZfepaF3axfY6piY+nAKxaDh4+Byo11r6JSsLHuJSiT2aWbWOxIwpPPxHrBKo0L9A==",
      "license": "Apache-2.0",
      "engines": {
        "node": ">=22.21.0 <23 || >=24.5.0"
      }
    },
    "node_modules/@arcjet/ip": {
      "version": "1.9.1",
      "resolved": "https://registry.npmjs.org/@arcjet/ip/-/ip-1.9.1.tgz",
      "integrity": "sha512-wFSI1/727l9RnjVaks+/cXQeW9EF+2YCUK2KF+pEaoCxlZXes6YtJ+Rq1bTGRYM63vPbhCPwvZp2LWpPAHOJgw==",
      "license": "Apache-2.0",
      "engines": {
        "node": ">=22.21.0 <23 || >=24.5.0"
      }
    },
    "node_modules/@arcjet/logger": {
      "version": "1.9.1",
      "resolved": "https://registry.npmjs.org/@arcjet/logger/-/logger-1.9.1.tgz",
      "integrity": "sha512-pY1a0VnNaBXhMR+Fr1awfBVi+7N4HY6+/2z/UhjQERsmgi5ylSSY8RIvPJr/vSdmiXzz9tOT/Efkt5Ds9VhPJQ==",
      "license": "Apache-2.0",
      "dependencies": {
        "@arcjet/sprintf": "1.9.1"
      },
      "engines": {
        "node": ">=22.21.0 <23 || >=24.5.0"
      }
    },
    "node_modules/@arcjet/node": {
      "version": "1.9.1",
      "resolved": "https://registry.npmjs.org/@arcjet/node/-/node-1.9.1.tgz",
      "integrity": "sha512-/O9SvzTKx4D+nj2jQyqzRvu9s8FRhkLf/0YmA+RsixHVou1/dh1Y7OuHk3ZJYNEnnn263sdun6Ba7wztp8PojA==",
      "license": "Apache-2.0",
      "dependencies": {
        "@arcjet/body": "1.9.1",
        "@arcjet/env": "1.9.1",
        "@arcjet/headers": "1.9.1",
        "@arcjet/ip": "1.9.1",
        "@arcjet/logger": "1.9.1",
        "@arcjet/protocol": "1.9.1",
        "@arcjet/transport": "1.9.1",
        "arcjet": "1.9.1"
      },
      "engines": {
        "node": ">=22.21.0 <23 || >=24.5.0"
      }
    },
    "node_modules/@arcjet/protocol": {
      "version": "1.9.1",
      "resolved": "https://registry.npmjs.org/@arcjet/protocol/-/protocol-1.9.1.tgz",
      "integrity": "sha512-W6WwOSOBlivE5313nbJe1LCory4DfgFRQpqLeGN1LbNV2e4Xw/XLfDFOQuOuJzYgAADvodwcgDPXBnxydtANEw==",
      "license": "Apache-2.0",
      "dependencies": {
        "@arcjet/cache": "1.9.1",
        "@bufbuild/protobuf": "2.12.0",
        "@connectrpc/connect": "2.1.2"
      },
      "engines": {
        "node": ">=22.21.0 <23 || >=24.5.0"
      }
    },
    "node_modules/@arcjet/runtime": {
      "version": "1.9.1",
      "resolved": "https://registry.npmjs.org/@arcjet/runtime/-/runtime-1.9.1.tgz",
      "integrity": "sha512-hEcJSA5lbapaLG28NIVFVMpYkInR4XPRPZxxcvr7p+D6PzE/oGbwo4uw7x3EbPrF7Nu3tUgmZ7a2twafD+97UA==",
      "license": "Apache-2.0",
      "engines": {
        "node": ">=22.21.0 <23 || >=24.5.0"
      }
    },
    "node_modules/@arcjet/sprintf": {
      "version": "1.9.1",
      "resolved": "https://registry.npmjs.org/@arcjet/sprintf/-/sprintf-1.9.1.tgz",
      "integrity": "sha512-NohQQ0ESUnuEZeqjR3s3+Fi1vGymu5rYiKNCRcHHQPup9vp9dXBLelp/7yBE4Lwjz7utmOLl3ZpKI+MBywt3/g==",
      "license": "Apache-2.0",
      "engines": {
        "node": ">=22.21.0 <23 || >=24.5.0"
      }
    },
    "node_modules/@arcjet/stable-hash": {
      "version": "1.9.1",
      "resolved": "https://registry.npmjs.org/@arcjet/stable-hash/-/stable-hash-1.9.1.tgz",
      "integrity": "sha512-+ur6VT50IIGQLGvRzTNSYdVPf3yD32d/SSfKMPY/buqjhFZlc/qnAdBd2qwEKaNM+g6FwwGRjF7jvwhEYhpncQ==",
      "license": "Apache-2.0",
      "engines": {
        "node": ">=22.21.0 <23 || >=24.5.0"
      }
    },
    "node_modules/@arcjet/transport": {
      "version": "1.9.1",
      "resolved": "https://registry.npmjs.org/@arcjet/transport/-/transport-1.9.1.tgz",
      "integrity": "sha512-uy7uL7U2l1di2/LfRmWP1Y6yv0+q4GFXXoP8OLR9eOPtRX6mUtlufm5zEB+j7qon0a72TYXcQDMZkT1bp5eRDg==",
      "license": "Apache-2.0",
      "dependencies": {
        "@arcjet/env": "1.9.1",
        "@arcjet/logger": "1.9.1",
        "@bufbuild/protobuf": "2.12.0",
        "@connectrpc/connect": "2.1.2",
        "@connectrpc/connect-node": "2.1.2",
        "@connectrpc/connect-web": "2.1.2"
      },
      "engines": {
        "node": ">=22.21.0 <23 || >=24.5.0"
      }
    },
    "node_modules/@bufbuild/protobuf": {
      "version": "2.12.0",
      "resolved": "https://registry.npmjs.org/@bufbuild/protobuf/-/protobuf-2.12.0.tgz",
      "integrity": "sha512-B/XlCaFIP8LOwzo+bz5uFzATYokcwCKQcghqnlfwSmM5eX/qTkvDBnDPs+gXtX/RyjxJ4DRikECcPJbyALA8FA==",
      "license": "(Apache-2.0 AND BSD-3-Clause)"
    },
    "node_modules/@connectrpc/connect": {
      "version": "2.1.2",
      "resolved": "https://registry.npmjs.org/@connectrpc/connect/-/connect-2.1.2.tgz",
      "integrity": "sha512-MXkBijtcX09R10Eb6sFeIetc6w6746eio6xtfuyVOH7oQAacT1X0GzMIQFux6Qy8cq3W/T5qX5Bei8YbFtmRGA==",
      "license": "Apache-2.0",
      "peerDependencies": {
        "@bufbuild/protobuf": "^2.7.0"
      }
    },
    "node_modules/@connectrpc/connect-node": {
      "version": "2.1.2",
      "resolved": "https://registry.npmjs.org/@connectrpc/connect-node/-/connect-node-2.1.2.tgz",
      "integrity": "sha512-+i/aAOpsI8sIx1mbYp6d99zvxaUSF6t/jP9Ux9maAmjsZPgmIQ3JuIeYi0zJIP9zlCnBlJjkpPosshCgdRuThQ==",
      "license": "Apache-2.0",
      "engines": {
        "node": ">=20"
      },
      "peerDependencies": {
        "@bufbuild/protobuf": "^2.7.0",
        "@connectrpc/connect": "2.1.2"
      }
    },
    "node_modules/@connectrpc/connect-web": {
      "version": "2.1.2",
      "resolved": "https://registry.npmjs.org/@connectrpc/connect-web/-/connect-web-2.1.2.tgz",
      "integrity": "sha512-1tfaK85MU+gJjwwmL31d2rzdf0XCYX99chZf63uG89SGBUd4XuZ4ZzhGo2u79TPXOE6nLIZQ2okrpyey42PYdg==",
      "license": "Apache-2.0",
      "peerDependencies": {
        "@bufbuild/protobuf": "^2.7.0",
        "@connectrpc/connect": "2.1.2"
      }
    },
    "node_modules/arcjet": {
      "version": "1.9.1",
      "resolved": "https://registry.npmjs.org/arcjet/-/arcjet-1.9.1.tgz",
      "integrity": "sha512-X2VIw6GDMASPv7zXtPvVtPTmxj/D/CbZXVTB/fZzULsfwrRKizgp1f750ebsrhUH4ZZcEfXqFfZulaGApUe6mg==",
      "license": "Apache-2.0",
      "dependencies": {
        "@arcjet/analyze": "1.9.1",
        "@arcjet/cache": "1.9.1",
        "@arcjet/duration": "1.9.1",
        "@arcjet/headers": "1.9.1",
        "@arcjet/protocol": "1.9.1",
        "@arcjet/runtime": "1.9.1",
        "@arcjet/stable-hash": "1.9.1"
      },
      "engines": {
        "node": ">=22.21.0 <23 || >=24.5.0"
      }
    }
  }
}
